
Microsoft Visual Studio Solution File, Format Version 12.00
# Visual Studio Version 17
VisualStudioVersion = 17.6.33829.357
MinimumVisualStudioVersion = 10.0.40219.1
Project("{9A19103F-16F7-4668-BE54-9A1E7A4F7556}") = "WebAPI", "WebAPI\WebAPI.csproj", "{2427F0F4-6985-4A2A-8618-3AEFA68FD1BD}"
EndProject
Project("{9A19103F-16F7-4668-BE54-9A1E7A4F7556}") = "Client", "Client\Client.csproj", "{EB7B7F80-0E78-4329-B78C-2F7F2AD054D0}"
EndProject
Global
	GlobalSection(SolutionConfigurationPlatforms) = preSolution
		Debug|Any CPU = Debug|Any CPU
		Release|Any CPU = Release|Any CPU
	EndGlobalSection
	GlobalSection(ProjectConfigurationPlatforms) = postSolution
		{2427F0F4-6985-4A2A-8618-3AEFA68FD1BD}.Debug|Any CPU.ActiveCfg = Debug|Any CPU
		{2427F0F4-6985-4A2A-8618-3AEFA68FD1BD}.Debug|Any CPU.Build.0 = Debug|Any CPU
		{2427F0F4-6985-4A2A-8618-3AEFA68FD1BD}.Release|Any CPU.ActiveCfg = Release|Any CPU
		{2427F0F4-6985-4A2A-8618-3AEFA68FD1BD}.Release|Any CPU.Build.0 = Release|Any CPU
		{EB7B7F80-0E78-4329-B78C-2F7F2AD054D0}.Debug|Any CPU.ActiveCfg = Debug|Any CPU
		{EB7B7F80-0E78-4329-B78C-2F7F2AD054D0}.Debug|Any CPU.Build.0 = Debug|Any CPU
		{EB7B7F80-0E78-4329-B78C-2F7F2AD054D0}.Release|Any CPU.ActiveCfg = Release|Any CPU
		{EB7B7F80-0E78-4329-B78C-2F7F2AD054D0}.Release|Any CPU.Build.0 = Release|Any CPU
	EndGlobalSection
	GlobalSection(SolutionProperties) = preSolution
		HideSolutionNode = FALSE
	EndGlobalSection
	GlobalSection(ExtensibilityGlobals) = postSolution
		SolutionGuid = {9FE2065B-C186-4677-AECE-2565E56AA83C}
	EndGlobalSection
EndGlobal
